// !$*UTF8*$!
{
	archiveVersion = 1;
	classes = {
	};
	objectVersion = 77;
	objects = {

/* Begin PBXBuildFile section */
		189EBDF62DF0016000ED59C2 /* SnapKit in Frameworks */ = {isa = PBXBuildFile; productRef = 189EBDF52DF0016000ED59C2 /* SnapKit */; };
		189EBDF82DF0016000ED59C2 /* Then in Frameworks */ = {isa = PBXBuildFile; productRef = 189EBDF72DF0016000ED59C2 /* Then */; };
/* End PBXBuildFile section */

/* Begin PBXContainerItemProxy section */
		18EAA0232DEFE056007D6782 /* PBXContainerItemProxy */ = {
			isa = PBXContainerItemProxy;
			containerPortal = 18EAA0042DEFE055007D6782 /* Project object */;
			proxyType = 1;
			remoteGlobalIDString = 18EAA00B2DEFE055007D6782;
			remoteInfo = ExchangeCalculator;
		};
		18EAA02D2DEFE056007D6782 /* PBXContainerItemProxy */ = {
			isa = PBXContainerItemProxy;
			containerPortal = 18EAA0042DEFE055007D6782 /* Project object */;
			proxyType = 1;
			remoteGlobalIDString = 18EAA00B2DEFE055007D6782;
			remoteInfo = ExchangeCalculator;
		};
/* End PBXContainerItemProxy section */

/* Begin PBXFileReference section */
		18EAA00C2DEFE055007D6782 /* ExchangeCalculator.app */ = {isa = PBXFileReference; explicitFileType = wrapper.application; includeInIndex = 0; path = ExchangeCalculator.app; sourceTree = BUILT_PRODUCTS_DIR; };
		18EAA0222DEFE056007D6782 /* ExchangeCalculatorTests.xctest */ = {isa = PBXFileReference; explicitFileType = wrapper.cfbundle; includeInIndex = 0; path = ExchangeCalculatorTests.xctest; sourceTree = BUILT_PRODUCTS_DIR; };
		18EAA02C2DEFE056007D6782 /* ExchangeCalculatorUITests.xctest */ = {isa = PBXFileReference; explicitFileType = wrapper.cfbundle; includeInIndex = 0; path = ExchangeCalculatorUITests.xctest; sourceTree = BUILT_PRODUCTS_DIR; };
/* End PBXFileReference section */

/* Begin PBXFileSystemSynchronizedBuildFileExceptionSet section */
		18EAA05D2DEFE578007D6782 /* Exceptions for "ExchangeCalculator" folder in "ExchangeCalculator" target */ = {
			isa = PBXFileSystemSynchronizedBuildFileExceptionSet;
			membershipExceptions = (
				ExchangeCalculatorTests/Model/ExchangeModelTests.swift,
				ExchangeCalculatorTests/Service/FetchExchangeServiceTests.swift,
				ExchangeCalculatorTests/ViewModel/ExchangeViewModelTests.swift,
				Global/Info.plist,
			);
			target = 18EAA00B2DEFE055007D6782 /* ExchangeCalculator */;
		};
		18EAA05E2DEFE578007D6782 /* Exceptions for "ExchangeCalculator" folder in "ExchangeCalculatorTests" target */ = {
			isa = PBXFileSystemSynchronizedBuildFileExceptionSet;
			membershipExceptions = (
				ExchangeCalculatorTests/Model/ExchangeModelTests.swift,
				ExchangeCalculatorTests/Service/FetchExchangeServiceTests.swift,
				ExchangeCalculatorTests/ViewModel/ExchangeViewModelTests.swift,
			);
			target = 18EAA0212DEFE056007D6782 /* ExchangeCalculatorTests */;
		};
/* End PBXFileSystemSynchronizedBuildFileExceptionSet section */

/* Begin PBXFileSystemSynchronizedRootGroup section */
		18EAA00E2DEFE055007D6782 /* ExchangeCalculator */ = {
			isa = PBXFileSystemSynchronizedRootGroup;
			exceptions = (
				18EAA05D2DEFE578007D6782 /* Exceptions for "ExchangeCalculator" folder in "ExchangeCalculator" target */,
				18EAA05E2DEFE578007D6782 /* Exceptions for "ExchangeCalculator" folder in "ExchangeCalculatorTests" target */,
			);
			path = ExchangeCalculator;
			sourceTree = "<group>";
		};
		18EAA02F2DEFE056007D6782 /* ExchangeCalculatorUITests */ = {
			isa = PBXFileSystemSynchronizedRootGroup;
			path = ExchangeCalculatorUITests;
			sourceTree = "<group>";
		};
/* End PBXFileSystemSynchronizedRootGroup section */

/* Begin PBXFrameworksBuildPhase section */
		18EAA0092DEFE055007D6782 /* Frameworks */ = {
			isa = PBXFrameworksBuildPhase;
			buildActionMask = 2147483647;
			files = (
				189EBDF62DF0016000ED59C2 /* SnapKit in Frameworks */,
				189EBDF82DF0016000ED59C2 /* Then in Frameworks */,
			);
			runOnlyForDeploymentPostprocessing = 0;
		};
		18EAA01F2DEFE056007D6782 /* Frameworks */ = {
			isa = PBXFrameworksBuildPhase;
			buildActionMask = 2147483647;
			files = (
			);
			runOnlyForDeploymentPostprocessing = 0;
		};
		18EAA0292DEFE056007D6782 /* Frameworks */ = {
			isa = PBXFrameworksBuildPhase;
			buildActionMask = 2147483647;
			files = (
			);
			runOnlyForDeploymentPostprocessing = 0;
		};
/* End PBXFrameworksBuildPhase section */

/* Begin PBXGroup section */
		18EAA0032DEFE055007D6782 = {
			isa = PBXGroup;
			children = (
				18EAA00E2DEFE055007D6782 /* ExchangeCalculator */,
				18EAA02F2DEFE056007D6782 /* ExchangeCalculatorUITests */,
				18EAA00D2DEFE055007D6782 /* Products */,
			);
			sourceTree = "<group>";
		};
		18EAA00D2DEFE055007D6782 /* Products */ = {
			isa = PBXGroup;
			children = (
				18EAA00C2DEFE055007D6782 /* ExchangeCalculator.app */,
				18EAA0222DEFE056007D6782 /* ExchangeCalculatorTests.xctest */,
				18EAA02C2DEFE056007D6782 /* ExchangeCalculatorUITests.xctest */,
			);
			name = Products;
			sourceTree = "<group>";
		};
/* End PBXGroup section */

/* Begin PBXNativeTarget section */
		18EAA00B2DEFE055007D6782 /* ExchangeCalculator */ = {
			isa = PBXNativeTarget;
			buildConfigurationList = 18EAA0352DEFE056007D6782 /* Build configuration list for PBXNativeTarget "ExchangeCalculator" */;
			buildPhases = (
				18EAA0082DEFE055007D6782 /* Sources */,
				18EAA0092DEFE055007D6782 /* Frameworks */,
				18EAA00A2DEFE055007D6782 /* Resources */,
			);
			buildRules = (
			);
			dependencies = (
			);
			fileSystemSynchronizedGroups = (
				18EAA00E2DEFE055007D6782 /* ExchangeCalculator */,
			);
			name = ExchangeCalculator;
			packageProductDependencies = (
				189EBDF52DF0016000ED59C2 /* SnapKit */,
				189EBDF72DF0016000ED59C2 /* Then */,
			);
			productName = ExchangeCalculator;
			productReference = 18EAA00C2DEFE055007D6782 /* ExchangeCalculator.app */;
			productType = "com.apple.product-type.application";
		};
		18EAA0212DEFE056007D6782 /* ExchangeCalculatorTests */ = {
			isa = PBXNativeTarget;
			buildConfigurationList = 18EAA03A2DEFE056007D6782 /* Build configuration list for PBXNativeTarget "ExchangeCalculatorTests" */;
			buildPhases = (
				18EAA01E2DEFE056007D6782 /* Sources */,
				18EAA01F2DEFE056007D6782 /* Frameworks */,
				18EAA0202DEFE056007D6782 /* Resources */,
			);
			buildRules = (
			);
			dependencies = (
				18EAA0242DEFE056007D6782 /* PBXTargetDependency */,
			);
			name = ExchangeCalculatorTests;
			packageProductDependencies = (
			);
			productName = ExchangeCalculatorTests;
			productReference = 18EAA0222DEFE056007D6782 /* ExchangeCalculatorTests.xctest */;
			productType = "com.apple.product-type.bundle.unit-test";
		};
		18EAA02B2DEFE056007D6782 /* ExchangeCalculatorUITests */ = {
			isa = PBXNativeTarget;
			buildConfigurationList = 18EAA03D2DEFE056007D6782 /* Build configuration list for PBXNativeTarget "ExchangeCalculatorUITests" */;
			buildPhases = (
				18EAA0282DEFE056007D6782 /* Sources */,
				18EAA0292DEFE056007D6782 /* Frameworks */,
				18EAA02A2DEFE056007D6782 /* Resources */,
			);
			buildRules = (
			);
			dependencies = (
				18EAA02E2DEFE056007D6782 /* PBXTargetDependency */,
			);
			fileSystemSynchronizedGroups = (
				18EAA02F2DEFE056007D6782 /* ExchangeCalculatorUITests */,
			);
			name = ExchangeCalculatorUITests;
			packageProductDependencies = (
			);
			productName = ExchangeCalculatorUITests;
			productReference = 18EAA02C2DEFE056007D6782 /* ExchangeCalculatorUITests.xctest */;
			productType = "com.apple.product-type.bundle.ui-testing";
		};
/* End PBXNativeTarget section */

/* Begin PBXProject section */
		18EAA0042DEFE055007D6782 /* Project object */ = {
			isa = PBXProject;
			attributes = {
				BuildIndependentTargetsInParallel = 1;
				LastSwiftUpdateCheck = 1620;
				LastUpgradeCheck = 1620;
				TargetAttributes = {
					18EAA00B2DEFE055007D6782 = {
						CreatedOnToolsVersion = 16.2;
					};
					18EAA0212DEFE056007D6782 = {
						CreatedOnToolsVersion = 16.2;
						TestTargetID = 18EAA00B2DEFE055007D6782;
					};
					18EAA02B2DEFE056007D6782 = {
						CreatedOnToolsVersion = 16.2;
						TestTargetID = 18EAA00B2DEFE055007D6782;
					};
				};
			};
			buildConfigurationList = 18EAA0072DEFE055007D6782 /* Build configuration list for PBXProject "ExchangeCalculator" */;
			developmentRegion = en;
			hasScannedForEncodings = 0;
			knownRegions = (
				en,
				Base,
			);
			mainGroup = 18EAA0032DEFE055007D6782;
			minimizedProjectReferenceProxies = 1;
			packageReferences = (
				189EBDF22DF0014000ED59C2 /* XCRemoteSwiftPackageReference "SnapKit" */,
				189EBDF32DF0014D00ED59C2 /* XCRemoteSwiftPackageReference "Then" */,
			);
			preferredProjectObjectVersion = 77;
			productRefGroup = 18EAA00D2DEFE055007D6782 /* Products */;
			projectDirPath = "";
			projectRoot = "";
			targets = (
				18EAA00B2DEFE055007D6782 /* ExchangeCalculator */,
				18EAA0212DEFE056007D6782 /* ExchangeCalculatorTests */,
				18EAA02B2DEFE056007D6782 /* ExchangeCalculatorUITests */,
			);
		};
/* End PBXProject section */

/* Begin PBXResourcesBuildPhase section */
		18EAA00A2DEFE055007D6782 /* Resources */ = {
			isa = PBXResourcesBuildPhase;
			buildActionMask = 2147483647;
			files = (
			);
			runOnlyForDeploymentPostprocessing = 0;
		};
		18EAA0202DEFE056007D6782 /* Resources */ = {
			isa = PBXResourcesBuildPhase;
			buildActionMask = 2147483647;
			files = (
			);
			runOnlyForDeploymentPostprocessing = 0;
		};
		18EAA02A2DEFE056007D6782 /* Resources */ = {
			isa = PBXResourcesBuildPhase;
			buildActionMask = 2147483647;
			files = (
			);
			runOnlyForDeploymentPostprocessing = 0;
		};
/* End PBXResourcesBuildPhase section */

/* Begin PBXSourcesBuildPhase section */
		18EAA0082DEFE055007D6782 /* Sources */ = {
			isa = PBXSourcesBuildPhase;
			buildActionMask = 2147483647;
			files = (
			);
			runOnlyForDeploymentPostprocessing = 0;
		};
		18EAA01E2DEFE056007D6782 /* Sources */ = {
			isa = PBXSourcesBuildPhase;
			buildActionMask = 2147483647;
			files = (
			);
			runOnlyForDeploymentPostprocessing = 0;
		};
		18EAA0282DEFE056007D6782 /* Sources */ = {
			isa = PBXSourcesBuildPhase;
			buildActionMask = 2147483647;
			files = (
			);
			runOnlyForDeploymentPostprocessing = 0;
		};
/* End PBXSourcesBuildPhase section */

/* Begin PBXTargetDependency section */
		18EAA0242DEFE056007D6782 /* PBXTargetDependency */ = {
			isa = PBXTargetDependency;
			target = 18EAA00B2DEFE055007D6782 /* ExchangeCalculator */;
			targetProxy = 18EAA0232DEFE056007D6782 /* PBXContainerItemProxy */;
		};
		18EAA02E2DEFE056007D6782 /* PBXTargetDependency */ = {
			isa = PBXTargetDependency;
			target = 18EAA00B2DEFE055007D6782 /* ExchangeCalculator */;
			targetProxy = 18EAA02D2DEFE056007D6782 /* PBXContainerItemProxy */;
		};
/* End PBXTargetDependency section */

/* Begin XCBuildConfiguration section */
		18EAA0362DEFE056007D6782 /* Debug */ = {
			isa = XCBuildConfiguration;
			buildSettings = {
				ASSETCATALOG_COMPILER_APPICON_NAME = AppIcon;
				ASSETCATALOG_COMPILER_GLOBAL_ACCENT_COLOR_NAME = AccentColor;
				CODE_SIGN_STYLE = Automatic;
				CURRENT_PROJECT_VERSION = 1;
				DEVELOPMENT_TEAM = Z5J43V9D9J;
				GENERATE_INFOPLIST_FILE = YES;
				INFOPLIST_FILE = ExchangeCalculator/Global/Info.plist;
				INFOPLIST_KEY_UIApplicationSupportsIndirectInputEvents = YES;
				INFOPLIST_KEY_UILaunchStoryboardName = LaunchScreen;
				INFOPLIST_KEY_UISupportedInterfaceOrientations_iPad = "UIInterfaceOrientationPortrait UIInterfaceOrientationPortraitUpsideDown UIInterfaceOrientationLandscapeLeft UIInterfaceOrientationLandscapeRight";
				INFOPLIST_KEY_UISupportedInterfaceOrientations_iPhone = "UIInterfaceOrientationPortrait UIInterfaceOrientationLandscapeLeft UIInterfaceOrientationLandscapeRight";
				LD_RUNPATH_SEARCH_PATHS = (
					"$(inherited)",
					"@executable_path/Frameworks",
				);
				MARKETING_VERSION = 1.0;
				PRODUCT_BUNDLE_IDENTIFIER = com.heopaka.ExchangeCalculator;
				PRODUCT_NAME = "$(TARGET_NAME)";
				SWIFT_EMIT_LOC_STRINGS = YES;
				SWIFT_VERSION = 5.0;
				TARGETED_DEVICE_FAMILY = "1,2";
			};
			name = Debug;
		};
		18EAA0372DEFE056007D6782 /* Release */ = {
			isa = XCBuildConfiguration;
			buildSettings = {
				ASSETCATALOG_COMPILER_APPICON_NAME = AppIcon;
				ASSETCATALOG_COMPILER_GLOBAL_ACCENT_COLOR_NAME = AccentColor;
				CODE_SIGN_STYLE = Automatic;
				CURRENT_PROJECT_VERSION = 1;
				DEVELOPMENT_TEAM = Z5J43V9D9J;
				GENERATE_INFOPLIST_FILE = YES;
				INFOPLIST_FILE = ExchangeCalculator/Global/Info.plist;
				INFOPLIST_KEY_UIApplicationSupportsIndirectInputEvents = YES;
				INFOPLIST_KEY_UILaunchStoryboardName = LaunchScreen;
				INFOPLIST_KEY_UISupportedInterfaceOrientations_iPad = "UIInterfaceOrientationPortrait UIInterfaceOrientationPortraitUpsideDown UIInterfaceOrientationLandscapeLeft UIInterfaceOrientationLandscapeRight";
				INFOPLIST_KEY_UISupportedInterfaceOrientations_iPhone = "UIInterfaceOrientationPortrait UIInterfaceOrientationLandscapeLeft UIInterfaceOrientationLandscapeRight";
				LD_RUNPATH_SEARCH_PATHS = (
					"$(inherited)",
					"@executable_path/Frameworks",
				);
				MARKETING_VERSION = 1.0;
				PRODUCT_BUNDLE_IDENTIFIER = com.heopaka.ExchangeCalculator;
				PRODUCT_NAME = "$(TARGET_NAME)";
				SWIFT_EMIT_LOC_STRINGS = YES;
				SWIFT_VERSION = 5.0;
				TARGETED_DEVICE_FAMILY = "1,2";
			};
			name = Release;
		};
		18EAA0382DEFE056007D6782 /* Debug */ = {
			isa = XCBuildConfiguration;
			buildSettings = {
				ALWAYS_SEARCH_USER_PATHS = NO;
				ASSETCATALOG_COMPILER_GENERATE_SWIFT_ASSET_SYMBOL_EXTENSIONS = YES;
				CLANG_ANALYZER_NONNULL = YES;
				CLANG_ANALYZER_NUMBER_OBJECT_CONVERSION = YES_AGGRESSIVE;
				CLANG_CXX_LANGUAGE_STANDARD = "gnu++20";
				CLANG_ENABLE_MODULES = YES;
				CLANG_ENABLE_OBJC_ARC = YES;
				CLANG_ENABLE_OBJC_WEAK = YES;
				CLANG_WARN_BLOCK_CAPTURE_AUTORELEASING = YES;
				CLANG_WARN_BOOL_CONVERSION = YES;
				CLANG_WARN_COMMA = YES;
				CLANG_WARN_CONSTANT_CONVERSION = YES;
				CLANG_WARN_DEPRECATED_OBJC_IMPLEMENTATIONS = YES;
				CLANG_WARN_DIRECT_OBJC_ISA_USAGE = YES_ERROR;
				CLANG_WARN_DOCUMENTATION_COMMENTS = YES;
				CLANG_WARN_EMPTY_BODY = YES;
				CLANG_WARN_ENUM_CONVERSION = YES;
				CLANG_WARN_INFINITE_RECURSION = YES;
				CLANG_WARN_INT_CONVERSION = YES;
				CLANG_WARN_NON_LITERAL_NULL_CONVERSION = YES;
				CLANG_WARN_OBJC_IMPLICIT_RETAIN_SELF = YES;
				CLANG_WARN_OBJC_LITERAL_CONVERSION = YES;
				CLANG_WARN_OBJC_ROOT_CLASS = YES_ERROR;
				CLANG_WARN_QUOTED_INCLUDE_IN_FRAMEWORK_HEADER = YES;
				CLANG_WARN_RANGE_LOOP_ANALYSIS = YES;
				CLANG_WARN_STRICT_PROTOTYPES = YES;
				CLANG_WARN_SUSPICIOUS_MOVE = YES;
				CLANG_WARN_UNGUARDED_AVAILABILITY = YES_AGGRESSIVE;
				CLANG_WARN_UNREACHABLE_CODE = YES;
				CLANG_WARN__DUPLICATE_METHOD_MATCH = YES;
				COPY_PHASE_STRIP = NO;
				DEBUG_INFORMATION_FORMAT = dwarf;
				ENABLE_STRICT_OBJC_MSGSEND = YES;
				ENABLE_TESTABILITY = YES;
				ENABLE_USER_SCRIPT_SANDBOXING = YES;
				GCC_C_LANGUAGE_STANDARD = gnu17;
				GCC_DYNAMIC_NO_PIC = NO;
				GCC_NO_COMMON_BLOCKS = YES;
				GCC_OPTIMIZATION_LEVEL = 0;
				GCC_PREPROCESSOR_DEFINITIONS = (
					"DEBUG=1",
					"$(inherited)",
				);
				GCC_WARN_64_TO_32_BIT_CONVERSION = YES;
				GCC_WARN_ABOUT_RETURN_TYPE = YES_ERROR;
				GCC_WARN_UNDECLARED_SELECTOR = YES;
				GCC_WARN_UNINITIALIZED_AUTOS = YES_AGGRESSIVE;
				GCC_WARN_UNUSED_FUNCTION = YES;
				GCC_WARN_UNUSED_VARIABLE = YES;
				IPHONEOS_DEPLOYMENT_TARGET = 18.2;
				LOCALIZATION_PREFERS_STRING_CATALOGS = YES;
				MTL_ENABLE_DEBUG_INFO = INCLUDE_SOURCE;
				MTL_FAST_MATH = YES;
				ONLY_ACTIVE_ARCH = YES;
				SDKROOT = iphoneos;
				SWIFT_ACTIVE_COMPILATION_CONDITIONS = "DEBUG $(inherited)";
				SWIFT_OPTIMIZATION_LEVEL = "-Onone";
			};
			name = Debug;
		};
		18EAA0392DEFE056007D6782 /* Release */ = {
			isa = XCBuildConfiguration;
			buildSettings = {
				ALWAYS_SEARCH_USER_PATHS = NO;
				ASSETCATALOG_COMPILER_GENERATE_SWIFT_ASSET_SYMBOL_EXTENSIONS = YES;
				CLANG_ANALYZER_NONNULL = YES;
				CLANG_ANALYZER_NUMBER_OBJECT_CONVERSION = YES_AGGRESSIVE;
				CLANG_CXX_LANGUAGE_STANDARD = "gnu++20";
				CLANG_ENABLE_MODULES = YES;
				CLANG_ENABLE_OBJC_ARC = YES;
				CLANG_ENABLE_OBJC_WEAK = YES;
				CLANG_WARN_BLOCK_CAPTURE_AUTORELEASING = YES;
				CLANG_WARN_BOOL_CONVERSION = YES;
				CLANG_WARN_COMMA = YES;
				CLANG_WARN_CONSTANT_CONVERSION = YES;
				CLANG_WARN_DEPRECATED_OBJC_IMPLEMENTATIONS = YES;
				CLANG_WARN_DIRECT_OBJC_ISA_USAGE = YES_ERROR;
				CLANG_WARN_DOCUMENTATION_COMMENTS = YES;
				CLANG_WARN_EMPTY_BODY = YES;
				CLANG_WARN_ENUM_CONVERSION = YES;
				CLANG_WARN_INFINITE_RECURSION = YES;
				CLANG_WARN_INT_CONVERSION = YES;
				CLANG_WARN_NON_LITERAL_NULL_CONVERSION = YES;
				CLANG_WARN_OBJC_IMPLICIT_RETAIN_SELF = YES;
				CLANG_WARN_OBJC_LITERAL_CONVERSION = YES;
				CLANG_WARN_OBJC_ROOT_CLASS = YES_ERROR;
				CLANG_WARN_QUOTED_INCLUDE_IN_FRAMEWORK_HEADER = YES;
				CLANG_WARN_RANGE_LOOP_ANALYSIS = YES;
				CLANG_WARN_STRICT_PROTOTYPES = YES;
				CLANG_WARN_SUSPICIOUS_MOVE = YES;
				CLANG_WARN_UNGUARDED_AVAILABILITY = YES_AGGRESSIVE;
				CLANG_WARN_UNREACHABLE_CODE = YES;
				CLANG_WARN__DUPLICATE_METHOD_MATCH = YES;
				COPY_PHASE_STRIP = NO;
				DEBUG_INFORMATION_FORMAT = "dwarf-with-dsym";
				ENABLE_NS_ASSERTIONS = NO;
				ENABLE_STRICT_OBJC_MSGSEND = YES;
				ENABLE_USER_SCRIPT_SANDBOXING = YES;
				GCC_C_LANGUAGE_STANDARD = gnu17;
				GCC_NO_COMMON_BLOCKS = YES;
				GCC_WARN_64_TO_32_BIT_CONVERSION = YES;
				GCC_WARN_ABOUT_RETURN_TYPE = YES_ERROR;
				GCC_WARN_UNDECLARED_SELECTOR = YES;
				GCC_WARN_UNINITIALIZED_AUTOS = YES_AGGRESSIVE;
				GCC_WARN_UNUSED_FUNCTION = YES;
				GCC_WARN_UNUSED_VARIABLE = YES;
				IPHONEOS_DEPLOYMENT_TARGET = 18.2;
				LOCALIZATION_PREFERS_STRING_CATALOGS = YES;
				MTL_ENABLE_DEBUG_INFO = NO;
				MTL_FAST_MATH = YES;
				SDKROOT = iphoneos;
				SWIFT_COMPILATION_MODE = wholemodule;
				VALIDATE_PRODUCT = YES;
			};
			name = Release;
		};
		18EAA03B2DEFE056007D6782 /* Debug */ = {
			isa = XCBuildConfiguration;
			buildSettings = {
				BUNDLE_LOADER = "$(TEST_HOST)";
				CODE_SIGN_STYLE = Automatic;
				CURRENT_PROJECT_VERSION = 1;
				DEVELOPMENT_TEAM = Z5J43V9D9J;
				GENERATE_INFOPLIST_FILE = YES;
				IPHONEOS_DEPLOYMENT_TARGET = 18.2;
				MARKETING_VERSION = 1.0;
				PRODUCT_BUNDLE_IDENTIFIER = com.heopaka.ExchangeCalculatorTests;
				PRODUCT_NAME = "$(TARGET_NAME)";
				SWIFT_EMIT_LOC_STRINGS = NO;
				SWIFT_VERSION = 5.0;
				TARGETED_DEVICE_FAMILY = "1,2";
				TEST_HOST = "$(BUILT_PRODUCTS_DIR)/ExchangeCalculator.app/$(BUNDLE_EXECUTABLE_FOLDER_PATH)/ExchangeCalculator";
			};
			name = Debug;
		};
		18EAA03C2DEFE056007D6782 /* Release */ = {
			isa = XCBuildConfiguration;
			buildSettings = {
				BUNDLE_LOADER = "$(TEST_HOST)";
				CODE_SIGN_STYLE = Automatic;
				CURRENT_PROJECT_VERSION = 1;
				DEVELOPMENT_TEAM = Z5J43V9D9J;
				GENERATE_INFOPLIST_FILE = YES;
				IPHONEOS_DEPLOYMENT_TARGET = 18.2;
				MARKETING_VERSION = 1.0;
				PRODUCT_BUNDLE_IDENTIFIER = com.heopaka.ExchangeCalculatorTests;
				PRODUCT_NAME = "$(TARGET_NAME)";
				SWIFT_EMIT_LOC_STRINGS = NO;
				SWIFT_VERSION = 5.0;
				TARGETED_DEVICE_FAMILY = "1,2";
				TEST_HOST = "$(BUILT_PRODUCTS_DIR)/ExchangeCalculator.app/$(BUNDLE_EXECUTABLE_FOLDER_PATH)/ExchangeCalculator";
			};
			name = Release;
		};
		18EAA03E2DEFE056007D6782 /* Debug */ = {
			isa = XCBuildConfiguration;
			buildSettings = {
				CODE_SIGN_STYLE = Automatic;
				CURRENT_PROJECT_VERSION = 1;
				DEVELOPMENT_TEAM = Z5J43V9D9J;
				GENERATE_INFOPLIST_FILE = YES;
				MARKETING_VERSION = 1.0;
				PRODUCT_BUNDLE_IDENTIFIER = com.heopaka.ExchangeCalculatorUITests;
				PRODUCT_NAME = "$(TARGET_NAME)";
				SWIFT_EMIT_LOC_STRINGS = NO;
				SWIFT_VERSION = 5.0;
				TARGETED_DEVICE_FAMILY = "1,2";
				TEST_TARGET_NAME = ExchangeCalculator;
			};
			name = Debug;
		};
		18EAA03F2DEFE056007D6782 /* Release */ = {
			isa = XCBuildConfiguration;
			buildSettings = {
				CODE_SIGN_STYLE = Automatic;
				CURRENT_PROJECT_VERSION = 1;
				DEVELOPMENT_TEAM = Z5J43V9D9J;
				GENERATE_INFOPLIST_FILE = YES;
				MARKETING_VERSION = 1.0;
				PRODUCT_BUNDLE_IDENTIFIER = com.heopaka.ExchangeCalculatorUITests;
				PRODUCT_NAME = "$(TARGET_NAME)";
				SWIFT_EMIT_LOC_STRINGS = NO;
				SWIFT_VERSION = 5.0;
				TARGETED_DEVICE_FAMILY = "1,2";
				TEST_TARGET_NAME = ExchangeCalculator;
			};
			name = Release;
		};
/* End XCBuildConfiguration section */

/* Begin XCConfigurationList section */
		18EAA0072DEFE055007D6782 /* Build configuration list for PBXProject "ExchangeCalculator" */ = {
			isa = XCConfigurationList;
			buildConfigurations = (
				18EAA0382DEFE056007D6782 /* Debug */,
				18EAA0392DEFE056007D6782 /* Release */,
			);
			defaultConfigurationIsVisible = 0;
			defaultConfigurationName = Release;
		};
		18EAA0352DEFE056007D6782 /* Build configuration list for PBXNativeTarget "ExchangeCalculator" */ = {
			isa = XCConfigurationList;
			buildConfigurations = (
				18EAA0362DEFE056007D6782 /* Debug */,
				18EAA0372DEFE056007D6782 /* Release */,
			);
			defaultConfigurationIsVisible = 0;
			defaultConfigurationName = Release;
		};
		18EAA03A2DEFE056007D6782 /* Build configuration list for PBXNativeTarget "ExchangeCalculatorTests" */ = {
			isa = XCConfigurationList;
			buildConfigurations = (
				18EAA03B2DEFE056007D6782 /* Debug */,
				18EAA03C2DEFE056007D6782 /* Release */,
			);
			defaultConfigurationIsVisible = 0;
			defaultConfigurationName = Release;
		};
		18EAA03D2DEFE056007D6782 /* Build configuration list for PBXNativeTarget "ExchangeCalculatorUITests" */ = {
			isa = XCConfigurationList;
			buildConfigurations = (
				18EAA03E2DEFE056007D6782 /* Debug */,
				18EAA03F2DEFE056007D6782 /* Release */,
			);
			defaultConfigurationIsVisible = 0;
			defaultConfigurationName = Release;
		};
/* End XCConfigurationList section */

/* Begin XCRemoteSwiftPackageReference section */
		189EBDF22DF0014000ED59C2 /* XCRemoteSwiftPackageReference "SnapKit" */ = {
			isa = XCRemoteSwiftPackageReference;
			repositoryURL = "https://github.com/SnapKit/SnapKit.git";
			requirement = {
				kind = upToNextMajorVersion;
				minimumVersion = 5.7.1;
			};
		};
		189EBDF32DF0014D00ED59C2 /* XCRemoteSwiftPackageReference "Then" */ = {
			isa = XCRemoteSwiftPackageReference;
			repositoryURL = "https://github.com/devxoul/Then.git";
			requirement = {
				kind = upToNextMajorVersion;
				minimumVersion = 3.0.0;
			};
		};
/* End XCRemoteSwiftPackageReference section */

/* Begin XCSwiftPackageProductDependency section */
		189EBDF52DF0016000ED59C2 /* SnapKit */ = {
			isa = XCSwiftPackageProductDependency;
			package = 189EBDF22DF0014000ED59C2 /* XCRemoteSwiftPackageReference "SnapKit" */;
			productName = SnapKit;
		};
		189EBDF72DF0016000ED59C2 /* Then */ = {
			isa = XCSwiftPackageProductDependency;
			package = 189EBDF32DF0014D00ED59C2 /* XCRemoteSwiftPackageReference "Then" */;
			productName = Then;
		};
/* End XCSwiftPackageProductDependency section */
	};
	rootObject = 18EAA0042DEFE055007D6782 /* Project object */;
}
